
Microsoft Visual Studio Solution File, Format Version 12.00
# Visual Studio Version 16
VisualStudioVersion = 16.0.30711.63
MinimumVisualStudioVersion = 10.0.40219.1
Project("{FAE04EC0-301F-11D3-BF4B-00C04F79EFBC}") = "InstagramCloneAPI", "InstagramCloneAPI\InstagramCloneAPI.csproj", "{821A9C94-6F42-4002-96A7-C41E928F8915}"
EndProject
Global
	GlobalSection(SolutionConfigurationPlatforms) = preSolution
		Debug|Any CPU = Debug|Any CPU
		Release|Any CPU = Release|Any CPU
	EndGlobalSection
	GlobalSection(ProjectConfigurationPlatforms) = postSolution
		{821A9C94-6F42-4002-96A7-C41E928F8915}.Debug|Any CPU.ActiveCfg = Debug|Any CPU
		{821A9C94-6F42-4002-96A7-C41E928F8915}.Debug|Any CPU.Build.0 = Debug|Any CPU
		{821A9C94-6F42-4002-96A7-C41E928F8915}.Release|Any CPU.ActiveCfg = Release|Any CPU
		{821A9C94-6F42-4002-96A7-C41E928F8915}.Release|Any CPU.Build.0 = Release|Any CPU
	EndGlobalSection
	GlobalSection(SolutionProperties) = preSolution
		HideSolutionNode = FALSE
	EndGlobalSection
	GlobalSection(ExtensibilityGlobals) = postSolution
		SolutionGuid = {79A052A3-C4E7-4E83-AD72-DC698576854E}
	EndGlobalSection
EndGlobal
